
Microsoft Visual Studio Solution File, Format Version 12.00
# Visual Studio Version 16
VisualStudioVersion = 16.0.30105.148
MinimumVisualStudioVersion = 10.0.40219.1
Project("{FAE04EC0-301F-11D3-BF4B-00C04F79EFBC}") = "DevToolkit.Client", "DevToolkit.Client\DevToolkit.Client.csproj", "{BBB4BCB5-9A9B-4C76-B589-504BAB2666A6}"
EndProject
Project("{9A19103F-16F7-4668-BE54-9A1E7A4F7556}") = "DevToolkit.Server", "DevToolkit.Server\DevToolkit.Server.csproj", "{EDED6BD2-1EEB-4C37-8C37-EEF527E92B74}"
EndProject
Project("{9A19103F-16F7-4668-BE54-9A1E7A4F7556}") = "DevToolkit.SinglePlayer", "DevToolkit.SinglePlayer\DevToolkit.SinglePlayer.csproj", "{0FF1B73D-A10D-4A35-A6D4-718FDD6748E3}"
EndProject
Global
	GlobalSection(SolutionConfigurationPlatforms) = preSolution
		Debug|Any CPU = Debug|Any CPU
		Release|Any CPU = Release|Any CPU
	EndGlobalSection
	GlobalSection(ProjectConfigurationPlatforms) = postSolution
		{BBB4BCB5-9A9B-4C76-B589-504BAB2666A6}.Debug|Any CPU.ActiveCfg = Debug|Any CPU
		{BBB4BCB5-9A9B-4C76-B589-504BAB2666A6}.Debug|Any CPU.Build.0 = Debug|Any CPU
		{BBB4BCB5-9A9B-4C76-B589-504BAB2666A6}.Release|Any CPU.ActiveCfg = Release|Any CPU
		{BBB4BCB5-9A9B-4C76-B589-504BAB2666A6}.Release|Any CPU.Build.0 = Release|Any CPU
		{EDED6BD2-1EEB-4C37-8C37-EEF527E92B74}.Debug|Any CPU.ActiveCfg = Debug|Any CPU
		{EDED6BD2-1EEB-4C37-8C37-EEF527E92B74}.Debug|Any CPU.Build.0 = Debug|Any CPU
		{EDED6BD2-1EEB-4C37-8C37-EEF527E92B74}.Release|Any CPU.ActiveCfg = Release|Any CPU
		{EDED6BD2-1EEB-4C37-8C37-EEF527E92B74}.Release|Any CPU.Build.0 = Release|Any CPU
		{0FF1B73D-A10D-4A35-A6D4-718FDD6748E3}.Debug|Any CPU.ActiveCfg = Debug|Any CPU
		{0FF1B73D-A10D-4A35-A6D4-718FDD6748E3}.Debug|Any CPU.Build.0 = Debug|Any CPU
		{0FF1B73D-A10D-4A35-A6D4-718FDD6748E3}.Release|Any CPU.ActiveCfg = Release|Any CPU
		{0FF1B73D-A10D-4A35-A6D4-718FDD6748E3}.Release|Any CPU.Build.0 = Release|Any CPU
	EndGlobalSection
	GlobalSection(SolutionProperties) = preSolution
		HideSolutionNode = FALSE
	EndGlobalSection
	GlobalSection(ExtensibilityGlobals) = postSolution
		SolutionGuid = {58AD7D27-36EB-4256-AD71-4C0C33A2CBDA}
	EndGlobalSection
EndGlobal
